lockfileVersion: '6.0'

settings:
  autoInstallPeers: true
  excludeLinksFromLockfile: false

dependencies:
  ccxt:
    specifier: ^4.4.0
    version: 4.5.58

packages:

  /bufferutil@4.1.0:
    resolution: {integrity: sha512-ZMANVnAixE6AWWnPzlW2KpUrxhm9woycYvPOo67jWHyFowASTEd9s+QN1EIMsSDtwhIxN4sWE1jotpuDUIgyIw==}
    engines: {node: '>=6.14.2'}
    requiresBuild: true
    dependencies:
      node-gyp-build: 4.8.4
    dev: false

  /ccxt@4.5.58:
    resolution: {integrity: sha512-rQnwFXT/5PkRS0/iGMA0ewstqeM2UdgHi2dOH6odeov95kZarZWA367iLc0L1iRWQiDQzTth6bhA6AsSMMH4Kw==}
    engines: {node: '>=18.0.0'}
    requiresBuild: true
    dependencies:
      ws: 8.21.0(bufferutil@4.1.0)
    optionalDependencies:
      bufferutil: 4.1.0
    transitivePeerDependencies:
      - utf-8-validate
    dev: false

  /node-gyp-build@4.8.4:
    resolution: {integrity: sha512-LA4ZjwlnUblHVgq0oBF3Jl/6h/Nvs5fzBLwdEF4nuxnFdsfajde4WfxtJr3CaiH+F6ewcIB/q4jQ4UzPyid+CQ==}
    hasBin: true
    requiresBuild: true
    dev: false

  /ws@8.21.0(bufferutil@4.1.0):
    resolution: {integrity: sha512-Vsp28b7DRcimFQvrqu2Wek3z1iYxDCWqHYB8Qsnk/S4RfaCQzPGPyBNuVjJV3cd6UiKtUtp6sNM77gWvzcCH+g==}
    engines: {node: '>=10.0.0'}
    peerDependencies:
      bufferutil: ^4.0.1
      utf-8-validate: '>=5.0.2'
    peerDependenciesMeta:
      bufferutil:
        optional: true
      utf-8-validate:
        optional: true
    dependencies:
      bufferutil: 4.1.0
    dev: false
